
Microsoft Visual Studio Solution File, Format Version 11.00
# Visual Studio 2010
Project("{8BC9CEB8-8B4A-11D0-8D11-00A0C91BC942}") = "JRSMemory_PS3", "JRSMemory_PS3.vcxproj", "{1AB42E52-A7CF-49EF-B55F-9EC758D5A681}"
EndProject
Global
	GlobalSection(SolutionConfigurationPlatforms) = preSolution
		Debug_GCC|PS3 = Debug_GCC|PS3
		Debug_NAC_GCC|PS3 = Debug_NAC_GCC|PS3
		Debug_NAC_SNC|PS3 = Debug_NAC_SNC|PS3
		Debug_NACS_GCC|PS3 = Debug_NACS_GCC|PS3
		Debug_NACS_SNC|PS3 = Debug_NACS_SNC|PS3
		Debug_S_GCC|PS3 = Debug_S_GCC|PS3
		Debug_S_SNC|PS3 = Debug_S_SNC|PS3
		Debug_SNC|PS3 = Debug_SNC|PS3
		Master_GCC|PS3 = Master_GCC|PS3
		Master_SNC|PS3 = Master_SNC|PS3
		Release_GCC|PS3 = Release_GCC|PS3
		Release_NAC_GCC|PS3 = Release_NAC_GCC|PS3
		Release_NAC_SNC|PS3 = Release_NAC_SNC|PS3
		Release_NACS_GCC|PS3 = Release_NACS_GCC|PS3
		Release_NACS_SNC|PS3 = Release_NACS_SNC|PS3
		Release_S_GCC|PS3 = Release_S_GCC|PS3
		Release_S_SNC|PS3 = Release_S_SNC|PS3
		Release_SNC|PS3 = Release_SNC|PS3
	EndGlobalSection
	GlobalSection(ProjectConfigurationPlatforms) = postSolution
		{1AB42E52-A7CF-49EF-B55F-9EC758D5A681}.Debug_GCC|PS3.ActiveCfg = Debug_GCC|PS3
		{1AB42E52-A7CF-49EF-B55F-9EC758D5A681}.Debug_GCC|PS3.Build.0 = Debug_GCC|PS3
		{1AB42E52-A7CF-49EF-B55F-9EC758D5A681}.Debug_NAC_GCC|PS3.ActiveCfg = Debug_NAC_GCC|PS3
		{1AB42E52-A7CF-49EF-B55F-9EC758D5A681}.Debug_NAC_GCC|PS3.Build.0 = Debug_NAC_GCC|PS3
		{1AB42E52-A7CF-49EF-B55F-9EC758D5A681}.Debug_NAC_SNC|PS3.ActiveCfg = Debug_NAC_SNC|PS3
		{1AB42E52-A7CF-49EF-B55F-9EC758D5A681}.Debug_NAC_SNC|PS3.Build.0 = Debug_NAC_SNC|PS3
		{1AB42E52-A7CF-49EF-B55F-9EC758D5A681}.Debug_NACS_GCC|PS3.ActiveCfg = Debug_NACS_GCC|PS3
		{1AB42E52-A7CF-49EF-B55F-9EC758D5A681}.Debug_NACS_GCC|PS3.Build.0 = Debug_NACS_GCC|PS3
		{1AB42E52-A7CF-49EF-B55F-9EC758D5A681}.Debug_NACS_SNC|PS3.ActiveCfg = Debug_NACS_SNC|PS3
		{1AB42E52-A7CF-49EF-B55F-9EC758D5A681}.Debug_NACS_SNC|PS3.Build.0 = Debug_NACS_SNC|PS3
		{1AB42E52-A7CF-49EF-B55F-9EC758D5A681}.Debug_S_GCC|PS3.ActiveCfg = Debug_S_GCC|PS3
		{1AB42E52-A7CF-49EF-B55F-9EC758D5A681}.Debug_S_GCC|PS3.Build.0 = Debug_S_GCC|PS3
		{1AB42E52-A7CF-49EF-B55F-9EC758D5A681}.Debug_S_SNC|PS3.ActiveCfg = Debug_S_SNC|PS3
		{1AB42E52-A7CF-49EF-B55F-9EC758D5A681}.Debug_S_SNC|PS3.Build.0 = Debug_S_SNC|PS3
		{1AB42E52-A7CF-49EF-B55F-9EC758D5A681}.Debug_SNC|PS3.ActiveCfg = Debug_SNC|PS3
		{1AB42E52-A7CF-49EF-B55F-9EC758D5A681}.Debug_SNC|PS3.Build.0 = Debug_SNC|PS3
		{1AB42E52-A7CF-49EF-B55F-9EC758D5A681}.Master_GCC|PS3.ActiveCfg = Master_GCC|PS3
		{1AB42E52-A7CF-49EF-B55F-9EC758D5A681}.Master_GCC|PS3.Build.0 = Master_GCC|PS3
		{1AB42E52-A7CF-49EF-B55F-9EC758D5A681}.Master_SNC|PS3.ActiveCfg = Master_SNC|PS3
		{1AB42E52-A7CF-49EF-B55F-9EC758D5A681}.Master_SNC|PS3.Build.0 = Master_SNC|PS3
		{1AB42E52-A7CF-49EF-B55F-9EC758D5A681}.Release_GCC|PS3.ActiveCfg = Release_GCC|PS3
		{1AB42E52-A7CF-49EF-B55F-9EC758D5A681}.Release_GCC|PS3.Build.0 = Release_GCC|PS3
		{1AB42E52-A7CF-49EF-B55F-9EC758D5A681}.Release_NAC_GCC|PS3.ActiveCfg = Release_NAC_GCC|PS3
		{1AB42E52-A7CF-49EF-B55F-9EC758D5A681}.Release_NAC_GCC|PS3.Build.0 = Release_NAC_GCC|PS3
		{1AB42E52-A7CF-49EF-B55F-9EC758D5A681}.Release_NAC_SNC|PS3.ActiveCfg = Release_NAC_SNC|PS3
		{1AB42E52-A7CF-49EF-B55F-9EC758D5A681}.Release_NAC_SNC|PS3.Build.0 = Release_NAC_SNC|PS3
		{1AB42E52-A7CF-49EF-B55F-9EC758D5A681}.Release_NACS_GCC|PS3.ActiveCfg = Release_NACS_GCC|PS3
		{1AB42E52-A7CF-49EF-B55F-9EC758D5A681}.Release_NACS_GCC|PS3.Build.0 = Release_NACS_GCC|PS3
		{1AB42E52-A7CF-49EF-B55F-9EC758D5A681}.Release_NACS_SNC|PS3.ActiveCfg = Release_NACS_SNC|PS3
		{1AB42E52-A7CF-49EF-B55F-9EC758D5A681}.Release_NACS_SNC|PS3.Build.0 = Release_NACS_SNC|PS3
		{1AB42E52-A7CF-49EF-B55F-9EC758D5A681}.Release_S_GCC|PS3.ActiveCfg = Release_S_GCC|PS3
		{1AB42E52-A7CF-49EF-B55F-9EC758D5A681}.Release_S_GCC|PS3.Build.0 = Release_S_GCC|PS3
		{1AB42E52-A7CF-49EF-B55F-9EC758D5A681}.Release_S_SNC|PS3.ActiveCfg = Release_S_SNC|PS3
		{1AB42E52-A7CF-49EF-B55F-9EC758D5A681}.Release_S_SNC|PS3.Build.0 = Release_S_SNC|PS3
		{1AB42E52-A7CF-49EF-B55F-9EC758D5A681}.Release_SNC|PS3.ActiveCfg = Release_SNC|PS3
		{1AB42E52-A7CF-49EF-B55F-9EC758D5A681}.Release_SNC|PS3.Build.0 = Release_SNC|PS3
	EndGlobalSection
	GlobalSection(SolutionProperties) = preSolution
		HideSolutionNode = FALSE
	EndGlobalSection
EndGlobal
