
Microsoft Visual Studio Solution File, Format Version 11.00
# Visual Studio 2010
Project("{8BC9CEB8-8B4A-11D0-8D11-00A0C91BC942}") = "JRSMemory_XBox360", "JRSMemory_XBox360.vcxproj", "{DFBC5020-C6CD-425E-BD90-E61BE0F302A7}"
EndProject
Global
	GlobalSection(SolutionConfigurationPlatforms) = preSolution
		Debug_NAC|Xbox 360 = Debug_NAC|Xbox 360
		Debug_NACS|Xbox 360 = Debug_NACS|Xbox 360
		Debug_S|Xbox 360 = Debug_S|Xbox 360
		Debug|Xbox 360 = Debug|Xbox 360
		Master|Xbox 360 = Master|Xbox 360
		Release_NAC|Xbox 360 = Release_NAC|Xbox 360
		Release_NACS|Xbox 360 = Release_NACS|Xbox 360
		Release_S|Xbox 360 = Release_S|Xbox 360
		Release|Xbox 360 = Release|Xbox 360
	EndGlobalSection
	GlobalSection(ProjectConfigurationPlatforms) = postSolution
		{DFBC5020-C6CD-425E-BD90-E61BE0F302A7}.Debug_NAC|Xbox 360.ActiveCfg = Debug_NAC|Xbox 360
		{DFBC5020-C6CD-425E-BD90-E61BE0F302A7}.Debug_NAC|Xbox 360.Build.0 = Debug_NAC|Xbox 360
		{DFBC5020-C6CD-425E-BD90-E61BE0F302A7}.Debug_NACS|Xbox 360.ActiveCfg = Debug_NACS|Xbox 360
		{DFBC5020-C6CD-425E-BD90-E61BE0F302A7}.Debug_NACS|Xbox 360.Build.0 = Debug_NACS|Xbox 360
		{DFBC5020-C6CD-425E-BD90-E61BE0F302A7}.Debug_S|Xbox 360.ActiveCfg = Debug_S|Xbox 360
		{DFBC5020-C6CD-425E-BD90-E61BE0F302A7}.Debug_S|Xbox 360.Build.0 = Debug_S|Xbox 360
		{DFBC5020-C6CD-425E-BD90-E61BE0F302A7}.Debug|Xbox 360.ActiveCfg = Debug|Xbox 360
		{DFBC5020-C6CD-425E-BD90-E61BE0F302A7}.Debug|Xbox 360.Build.0 = Debug|Xbox 360
		{DFBC5020-C6CD-425E-BD90-E61BE0F302A7}.Master|Xbox 360.ActiveCfg = Master|Xbox 360
		{DFBC5020-C6CD-425E-BD90-E61BE0F302A7}.Master|Xbox 360.Build.0 = Master|Xbox 360
		{DFBC5020-C6CD-425E-BD90-E61BE0F302A7}.Release_NAC|Xbox 360.ActiveCfg = Release_NAC|Xbox 360
		{DFBC5020-C6CD-425E-BD90-E61BE0F302A7}.Release_NAC|Xbox 360.Build.0 = Release_NAC|Xbox 360
		{DFBC5020-C6CD-425E-BD90-E61BE0F302A7}.Release_NACS|Xbox 360.ActiveCfg = Release_NACS|Xbox 360
		{DFBC5020-C6CD-425E-BD90-E61BE0F302A7}.Release_NACS|Xbox 360.Build.0 = Release_NACS|Xbox 360
		{DFBC5020-C6CD-425E-BD90-E61BE0F302A7}.Release_S|Xbox 360.ActiveCfg = Release_S|Xbox 360
		{DFBC5020-C6CD-425E-BD90-E61BE0F302A7}.Release_S|Xbox 360.Build.0 = Release_S|Xbox 360
		{DFBC5020-C6CD-425E-BD90-E61BE0F302A7}.Release|Xbox 360.ActiveCfg = Release|Xbox 360
		{DFBC5020-C6CD-425E-BD90-E61BE0F302A7}.Release|Xbox 360.Build.0 = Release|Xbox 360
	EndGlobalSection
	GlobalSection(SolutionProperties) = preSolution
		HideSolutionNode = FALSE
	EndGlobalSection
EndGlobal
